
Microsoft Visual Studio Solution File, Format Version 12.00
# Visual Studio Version 17
VisualStudioVersion = 17.9.34728.123
MinimumVisualStudioVersion = 10.0.40219.1
Project("{FAE04EC0-301F-11D3-BF4B-00C04F79EFBC}") = "53", "53\53.csproj", "{0011C84F-1D7F-4B3B-AF65-2C0FDF635BA0}"
EndProject
Global
	GlobalSection(SolutionConfigurationPlatforms) = preSolution
		Debug|Any CPU = Debug|Any CPU
		Release|Any CPU = Release|Any CPU
	EndGlobalSection
	GlobalSection(ProjectConfigurationPlatforms) = postSolution
		{0011C84F-1D7F-4B3B-AF65-2C0FDF635BA0}.Debug|Any CPU.ActiveCfg = Debug|Any CPU
		{0011C84F-1D7F-4B3B-AF65-2C0FDF635BA0}.Debug|Any CPU.Build.0 = Debug|Any CPU
		{0011C84F-1D7F-4B3B-AF65-2C0FDF635BA0}.Release|Any CPU.ActiveCfg = Release|Any CPU
		{0011C84F-1D7F-4B3B-AF65-2C0FDF635BA0}.Release|Any CPU.Build.0 = Release|Any CPU
	EndGlobalSection
	GlobalSection(SolutionProperties) = preSolution
		HideSolutionNode = FALSE
	EndGlobalSection
	GlobalSection(ExtensibilityGlobals) = postSolution
		SolutionGuid = {C1FE329B-C713-46D6-9D03-17A6476E5E0A}
	EndGlobalSection
EndGlobal
