
Microsoft Visual Studio Solution File, Format Version 12.00
# Visual Studio Version 17
VisualStudioVersion = 17.9.34728.123
MinimumVisualStudioVersion = 10.0.40219.1
Project("{FAE04EC0-301F-11D3-BF4B-00C04F79EFBC}") = "67", "67\67.csproj", "{2D30DE12-E4DE-455A-8F3C-7A6908B077A0}"
EndProject
Global
	GlobalSection(SolutionConfigurationPlatforms) = preSolution
		Debug|Any CPU = Debug|Any CPU
		Release|Any CPU = Release|Any CPU
	EndGlobalSection
	GlobalSection(ProjectConfigurationPlatforms) = postSolution
		{2D30DE12-E4DE-455A-8F3C-7A6908B077A0}.Debug|Any CPU.ActiveCfg = Debug|Any CPU
		{2D30DE12-E4DE-455A-8F3C-7A6908B077A0}.Debug|Any CPU.Build.0 = Debug|Any CPU
		{2D30DE12-E4DE-455A-8F3C-7A6908B077A0}.Release|Any CPU.ActiveCfg = Release|Any CPU
		{2D30DE12-E4DE-455A-8F3C-7A6908B077A0}.Release|Any CPU.Build.0 = Release|Any CPU
	EndGlobalSection
	GlobalSection(SolutionProperties) = preSolution
		HideSolutionNode = FALSE
	EndGlobalSection
	GlobalSection(ExtensibilityGlobals) = postSolution
		SolutionGuid = {37AD85E3-426A-4DF1-8EE0-ADA7825B2CEB}
	EndGlobalSection
EndGlobal
