
Microsoft Visual Studio Solution File, Format Version 12.00
# Visual Studio Version 17
VisualStudioVersion = 17.9.34728.123
MinimumVisualStudioVersion = 10.0.40219.1
Project("{FAE04EC0-301F-11D3-BF4B-00C04F79EFBC}") = "74", "74\74.csproj", "{6ED0576E-CB79-46CE-87E4-D8ABDE23889E}"
EndProject
Global
	GlobalSection(SolutionConfigurationPlatforms) = preSolution
		Debug|Any CPU = Debug|Any CPU
		Release|Any CPU = Release|Any CPU
	EndGlobalSection
	GlobalSection(ProjectConfigurationPlatforms) = postSolution
		{6ED0576E-CB79-46CE-87E4-D8ABDE23889E}.Debug|Any CPU.ActiveCfg = Debug|Any CPU
		{6ED0576E-CB79-46CE-87E4-D8ABDE23889E}.Debug|Any CPU.Build.0 = Debug|Any CPU
		{6ED0576E-CB79-46CE-87E4-D8ABDE23889E}.Release|Any CPU.ActiveCfg = Release|Any CPU
		{6ED0576E-CB79-46CE-87E4-D8ABDE23889E}.Release|Any CPU.Build.0 = Release|Any CPU
	EndGlobalSection
	GlobalSection(SolutionProperties) = preSolution
		HideSolutionNode = FALSE
	EndGlobalSection
	GlobalSection(ExtensibilityGlobals) = postSolution
		SolutionGuid = {D391A5DB-6FAA-4F46-84EC-524C875323D0}
	EndGlobalSection
EndGlobal
