
Microsoft Visual Studio Solution File, Format Version 12.00
# Visual Studio Version 17
VisualStudioVersion = 17.9.34728.123
MinimumVisualStudioVersion = 10.0.40219.1
Project("{FAE04EC0-301F-11D3-BF4B-00C04F79EFBC}") = "98", "98\98.csproj", "{FE799374-B500-44ED-ABFB-033543BEC1A4}"
EndProject
Global
	GlobalSection(SolutionConfigurationPlatforms) = preSolution
		Debug|Any CPU = Debug|Any CPU
		Release|Any CPU = Release|Any CPU
	EndGlobalSection
	GlobalSection(ProjectConfigurationPlatforms) = postSolution
		{FE799374-B500-44ED-ABFB-033543BEC1A4}.Debug|Any CPU.ActiveCfg = Debug|Any CPU
		{FE799374-B500-44ED-ABFB-033543BEC1A4}.Debug|Any CPU.Build.0 = Debug|Any CPU
		{FE799374-B500-44ED-ABFB-033543BEC1A4}.Release|Any CPU.ActiveCfg = Release|Any CPU
		{FE799374-B500-44ED-ABFB-033543BEC1A4}.Release|Any CPU.Build.0 = Release|Any CPU
	EndGlobalSection
	GlobalSection(SolutionProperties) = preSolution
		HideSolutionNode = FALSE
	EndGlobalSection
	GlobalSection(ExtensibilityGlobals) = postSolution
		SolutionGuid = {220C0BEB-A6B1-4E49-8F05-B317F3B52AD0}
	EndGlobalSection
EndGlobal
