
Microsoft Visual Studio Solution File, Format Version 12.00
# Visual Studio Version 17
VisualStudioVersion = 17.9.34728.123
MinimumVisualStudioVersion = 10.0.40219.1
Project("{FAE04EC0-301F-11D3-BF4B-00C04F79EFBC}") = "9", "9\9.csproj", "{09FE7B4C-DAEB-4449-B654-B10A37EE8F3B}"
EndProject
Global
	GlobalSection(SolutionConfigurationPlatforms) = preSolution
		Debug|Any CPU = Debug|Any CPU
		Release|Any CPU = Release|Any CPU
	EndGlobalSection
	GlobalSection(ProjectConfigurationPlatforms) = postSolution
		{09FE7B4C-DAEB-4449-B654-B10A37EE8F3B}.Debug|Any CPU.ActiveCfg = Debug|Any CPU
		{09FE7B4C-DAEB-4449-B654-B10A37EE8F3B}.Debug|Any CPU.Build.0 = Debug|Any CPU
		{09FE7B4C-DAEB-4449-B654-B10A37EE8F3B}.Release|Any CPU.ActiveCfg = Release|Any CPU
		{09FE7B4C-DAEB-4449-B654-B10A37EE8F3B}.Release|Any CPU.Build.0 = Release|Any CPU
	EndGlobalSection
	GlobalSection(SolutionProperties) = preSolution
		HideSolutionNode = FALSE
	EndGlobalSection
	GlobalSection(ExtensibilityGlobals) = postSolution
		SolutionGuid = {10C3D8DF-47A0-4C8F-A389-D5730B7E8DFE}
	EndGlobalSection
EndGlobal
