
Microsoft Visual Studio Solution File, Format Version 12.00
# Visual Studio Version 17
VisualStudioVersion = 17.9.34728.123
MinimumVisualStudioVersion = 10.0.40219.1
Project("{FAE04EC0-301F-11D3-BF4B-00C04F79EFBC}") = "78", "78\78.csproj", "{6B9450FB-7BD5-4903-B64A-AA91E5A3C8BB}"
EndProject
Global
	GlobalSection(SolutionConfigurationPlatforms) = preSolution
		Debug|Any CPU = Debug|Any CPU
		Release|Any CPU = Release|Any CPU
	EndGlobalSection
	GlobalSection(ProjectConfigurationPlatforms) = postSolution
		{6B9450FB-7BD5-4903-B64A-AA91E5A3C8BB}.Debug|Any CPU.ActiveCfg = Debug|Any CPU
		{6B9450FB-7BD5-4903-B64A-AA91E5A3C8BB}.Debug|Any CPU.Build.0 = Debug|Any CPU
		{6B9450FB-7BD5-4903-B64A-AA91E5A3C8BB}.Release|Any CPU.ActiveCfg = Release|Any CPU
		{6B9450FB-7BD5-4903-B64A-AA91E5A3C8BB}.Release|Any CPU.Build.0 = Release|Any CPU
	EndGlobalSection
	GlobalSection(SolutionProperties) = preSolution
		HideSolutionNode = FALSE
	EndGlobalSection
	GlobalSection(ExtensibilityGlobals) = postSolution
		SolutionGuid = {0ED536BC-18FB-4920-9609-6F3E36E63410}
	EndGlobalSection
EndGlobal
