
Microsoft Visual Studio Solution File, Format Version 12.00
# Visual Studio Version 17
VisualStudioVersion = 17.9.34728.123
MinimumVisualStudioVersion = 10.0.40219.1
Project("{FAE04EC0-301F-11D3-BF4B-00C04F79EFBC}") = "32", "32\32.csproj", "{073ED69B-1BC1-4BA7-9C9B-E679971369A9}"
EndProject
Global
	GlobalSection(SolutionConfigurationPlatforms) = preSolution
		Debug|Any CPU = Debug|Any CPU
		Release|Any CPU = Release|Any CPU
	EndGlobalSection
	GlobalSection(ProjectConfigurationPlatforms) = postSolution
		{073ED69B-1BC1-4BA7-9C9B-E679971369A9}.Debug|Any CPU.ActiveCfg = Debug|Any CPU
		{073ED69B-1BC1-4BA7-9C9B-E679971369A9}.Debug|Any CPU.Build.0 = Debug|Any CPU
		{073ED69B-1BC1-4BA7-9C9B-E679971369A9}.Release|Any CPU.ActiveCfg = Release|Any CPU
		{073ED69B-1BC1-4BA7-9C9B-E679971369A9}.Release|Any CPU.Build.0 = Release|Any CPU
	EndGlobalSection
	GlobalSection(SolutionProperties) = preSolution
		HideSolutionNode = FALSE
	EndGlobalSection
	GlobalSection(ExtensibilityGlobals) = postSolution
		SolutionGuid = {BDB4D69D-D7FF-4CAF-9EC1-D06DB0077ACA}
	EndGlobalSection
EndGlobal
