
Microsoft Visual Studio Solution File, Format Version 12.00
# Visual Studio Version 17
VisualStudioVersion = 17.9.34728.123
MinimumVisualStudioVersion = 10.0.40219.1
Project("{FAE04EC0-301F-11D3-BF4B-00C04F79EFBC}") = "27", "27\27.csproj", "{787323C8-A09A-4FE4-B8FB-BFC31C813A4A}"
EndProject
Global
	GlobalSection(SolutionConfigurationPlatforms) = preSolution
		Debug|Any CPU = Debug|Any CPU
		Release|Any CPU = Release|Any CPU
	EndGlobalSection
	GlobalSection(ProjectConfigurationPlatforms) = postSolution
		{787323C8-A09A-4FE4-B8FB-BFC31C813A4A}.Debug|Any CPU.ActiveCfg = Debug|Any CPU
		{787323C8-A09A-4FE4-B8FB-BFC31C813A4A}.Debug|Any CPU.Build.0 = Debug|Any CPU
		{787323C8-A09A-4FE4-B8FB-BFC31C813A4A}.Release|Any CPU.ActiveCfg = Release|Any CPU
		{787323C8-A09A-4FE4-B8FB-BFC31C813A4A}.Release|Any CPU.Build.0 = Release|Any CPU
	EndGlobalSection
	GlobalSection(SolutionProperties) = preSolution
		HideSolutionNode = FALSE
	EndGlobalSection
	GlobalSection(ExtensibilityGlobals) = postSolution
		SolutionGuid = {1951ABF8-A812-417C-BC1C-113D78922702}
	EndGlobalSection
EndGlobal
