
Microsoft Visual Studio Solution File, Format Version 12.00
# Visual Studio Version 17
VisualStudioVersion = 17.9.34728.123
MinimumVisualStudioVersion = 10.0.40219.1
Project("{FAE04EC0-301F-11D3-BF4B-00C04F79EFBC}") = "90", "90\90.csproj", "{FD533D3A-CF37-42C9-BE82-5B893EB1EDE6}"
EndProject
Global
	GlobalSection(SolutionConfigurationPlatforms) = preSolution
		Debug|Any CPU = Debug|Any CPU
		Release|Any CPU = Release|Any CPU
	EndGlobalSection
	GlobalSection(ProjectConfigurationPlatforms) = postSolution
		{FD533D3A-CF37-42C9-BE82-5B893EB1EDE6}.Debug|Any CPU.ActiveCfg = Debug|Any CPU
		{FD533D3A-CF37-42C9-BE82-5B893EB1EDE6}.Debug|Any CPU.Build.0 = Debug|Any CPU
		{FD533D3A-CF37-42C9-BE82-5B893EB1EDE6}.Release|Any CPU.ActiveCfg = Release|Any CPU
		{FD533D3A-CF37-42C9-BE82-5B893EB1EDE6}.Release|Any CPU.Build.0 = Release|Any CPU
	EndGlobalSection
	GlobalSection(SolutionProperties) = preSolution
		HideSolutionNode = FALSE
	EndGlobalSection
	GlobalSection(ExtensibilityGlobals) = postSolution
		SolutionGuid = {5A847EAD-6E71-4418-BEAF-90C7937DD640}
	EndGlobalSection
EndGlobal
