
Microsoft Visual Studio Solution File, Format Version 12.00
# Visual Studio Version 17
VisualStudioVersion = 17.9.34728.123
MinimumVisualStudioVersion = 10.0.40219.1
Project("{FAE04EC0-301F-11D3-BF4B-00C04F79EFBC}") = "33", "33\33.csproj", "{DDB9E059-9A42-499A-A15B-C39B4E2A0706}"
EndProject
Global
	GlobalSection(SolutionConfigurationPlatforms) = preSolution
		Debug|Any CPU = Debug|Any CPU
		Release|Any CPU = Release|Any CPU
	EndGlobalSection
	GlobalSection(ProjectConfigurationPlatforms) = postSolution
		{DDB9E059-9A42-499A-A15B-C39B4E2A0706}.Debug|Any CPU.ActiveCfg = Debug|Any CPU
		{DDB9E059-9A42-499A-A15B-C39B4E2A0706}.Debug|Any CPU.Build.0 = Debug|Any CPU
		{DDB9E059-9A42-499A-A15B-C39B4E2A0706}.Release|Any CPU.ActiveCfg = Release|Any CPU
		{DDB9E059-9A42-499A-A15B-C39B4E2A0706}.Release|Any CPU.Build.0 = Release|Any CPU
	EndGlobalSection
	GlobalSection(SolutionProperties) = preSolution
		HideSolutionNode = FALSE
	EndGlobalSection
	GlobalSection(ExtensibilityGlobals) = postSolution
		SolutionGuid = {D99CCF0F-256C-4234-BE24-16989011CB0D}
	EndGlobalSection
EndGlobal
