
Microsoft Visual Studio Solution File, Format Version 12.00
# Visual Studio Version 17
VisualStudioVersion = 17.9.34728.123
MinimumVisualStudioVersion = 10.0.40219.1
Project("{FAE04EC0-301F-11D3-BF4B-00C04F79EFBC}") = "6", "6\6.csproj", "{433D8126-4E15-420D-8329-8AB4BE7C5B0A}"
EndProject
Global
	GlobalSection(SolutionConfigurationPlatforms) = preSolution
		Debug|Any CPU = Debug|Any CPU
		Release|Any CPU = Release|Any CPU
	EndGlobalSection
	GlobalSection(ProjectConfigurationPlatforms) = postSolution
		{433D8126-4E15-420D-8329-8AB4BE7C5B0A}.Debug|Any CPU.ActiveCfg = Debug|Any CPU
		{433D8126-4E15-420D-8329-8AB4BE7C5B0A}.Debug|Any CPU.Build.0 = Debug|Any CPU
		{433D8126-4E15-420D-8329-8AB4BE7C5B0A}.Release|Any CPU.ActiveCfg = Release|Any CPU
		{433D8126-4E15-420D-8329-8AB4BE7C5B0A}.Release|Any CPU.Build.0 = Release|Any CPU
	EndGlobalSection
	GlobalSection(SolutionProperties) = preSolution
		HideSolutionNode = FALSE
	EndGlobalSection
	GlobalSection(ExtensibilityGlobals) = postSolution
		SolutionGuid = {057972F7-1A2B-4E1A-A09C-67F436CB1BB2}
	EndGlobalSection
EndGlobal
