
Microsoft Visual Studio Solution File, Format Version 12.00
# Visual Studio Version 17
VisualStudioVersion = 17.9.34728.123
MinimumVisualStudioVersion = 10.0.40219.1
Project("{FAE04EC0-301F-11D3-BF4B-00C04F79EFBC}") = "91", "91\91.csproj", "{583EBB7F-D19E-41CC-ACA0-A1511E0074A3}"
EndProject
Global
	GlobalSection(SolutionConfigurationPlatforms) = preSolution
		Debug|Any CPU = Debug|Any CPU
		Release|Any CPU = Release|Any CPU
	EndGlobalSection
	GlobalSection(ProjectConfigurationPlatforms) = postSolution
		{583EBB7F-D19E-41CC-ACA0-A1511E0074A3}.Debug|Any CPU.ActiveCfg = Debug|Any CPU
		{583EBB7F-D19E-41CC-ACA0-A1511E0074A3}.Debug|Any CPU.Build.0 = Debug|Any CPU
		{583EBB7F-D19E-41CC-ACA0-A1511E0074A3}.Release|Any CPU.ActiveCfg = Release|Any CPU
		{583EBB7F-D19E-41CC-ACA0-A1511E0074A3}.Release|Any CPU.Build.0 = Release|Any CPU
	EndGlobalSection
	GlobalSection(SolutionProperties) = preSolution
		HideSolutionNode = FALSE
	EndGlobalSection
	GlobalSection(ExtensibilityGlobals) = postSolution
		SolutionGuid = {4919DC63-7EC4-48F0-83B6-D35053CCAD2A}
	EndGlobalSection
EndGlobal
