
Microsoft Visual Studio Solution File, Format Version 12.00
# Visual Studio Version 17
VisualStudioVersion = 17.9.34728.123
MinimumVisualStudioVersion = 10.0.40219.1
Project("{FAE04EC0-301F-11D3-BF4B-00C04F79EFBC}") = "40", "40\40.csproj", "{8EACA090-A0FF-4B57-8AEC-04AE548A7F32}"
EndProject
Global
	GlobalSection(SolutionConfigurationPlatforms) = preSolution
		Debug|Any CPU = Debug|Any CPU
		Release|Any CPU = Release|Any CPU
	EndGlobalSection
	GlobalSection(ProjectConfigurationPlatforms) = postSolution
		{8EACA090-A0FF-4B57-8AEC-04AE548A7F32}.Debug|Any CPU.ActiveCfg = Debug|Any CPU
		{8EACA090-A0FF-4B57-8AEC-04AE548A7F32}.Debug|Any CPU.Build.0 = Debug|Any CPU
		{8EACA090-A0FF-4B57-8AEC-04AE548A7F32}.Release|Any CPU.ActiveCfg = Release|Any CPU
		{8EACA090-A0FF-4B57-8AEC-04AE548A7F32}.Release|Any CPU.Build.0 = Release|Any CPU
	EndGlobalSection
	GlobalSection(SolutionProperties) = preSolution
		HideSolutionNode = FALSE
	EndGlobalSection
	GlobalSection(ExtensibilityGlobals) = postSolution
		SolutionGuid = {6759F151-16C8-43E9-8CF3-BCE2CC882957}
	EndGlobalSection
EndGlobal
