
Microsoft Visual Studio Solution File, Format Version 12.00
# Visual Studio Version 17
VisualStudioVersion = 17.9.34728.123
MinimumVisualStudioVersion = 10.0.40219.1
Project("{FAE04EC0-301F-11D3-BF4B-00C04F79EFBC}") = "89", "89\89.csproj", "{0D1A27DE-D087-4BD6-B764-BD44DBAC5C70}"
EndProject
Global
	GlobalSection(SolutionConfigurationPlatforms) = preSolution
		Debug|Any CPU = Debug|Any CPU
		Release|Any CPU = Release|Any CPU
	EndGlobalSection
	GlobalSection(ProjectConfigurationPlatforms) = postSolution
		{0D1A27DE-D087-4BD6-B764-BD44DBAC5C70}.Debug|Any CPU.ActiveCfg = Debug|Any CPU
		{0D1A27DE-D087-4BD6-B764-BD44DBAC5C70}.Debug|Any CPU.Build.0 = Debug|Any CPU
		{0D1A27DE-D087-4BD6-B764-BD44DBAC5C70}.Release|Any CPU.ActiveCfg = Release|Any CPU
		{0D1A27DE-D087-4BD6-B764-BD44DBAC5C70}.Release|Any CPU.Build.0 = Release|Any CPU
	EndGlobalSection
	GlobalSection(SolutionProperties) = preSolution
		HideSolutionNode = FALSE
	EndGlobalSection
	GlobalSection(ExtensibilityGlobals) = postSolution
		SolutionGuid = {3E03FFE5-2B55-476C-8CB0-2186910C2262}
	EndGlobalSection
EndGlobal
