
Microsoft Visual Studio Solution File, Format Version 12.00
# Visual Studio Version 17
VisualStudioVersion = 17.9.34728.123
MinimumVisualStudioVersion = 10.0.40219.1
Project("{FAE04EC0-301F-11D3-BF4B-00C04F79EFBC}") = "94", "94\94.csproj", "{8FA75912-81D8-4DA6-86DE-7D2311BE9AE0}"
EndProject
Global
	GlobalSection(SolutionConfigurationPlatforms) = preSolution
		Debug|Any CPU = Debug|Any CPU
		Release|Any CPU = Release|Any CPU
	EndGlobalSection
	GlobalSection(ProjectConfigurationPlatforms) = postSolution
		{8FA75912-81D8-4DA6-86DE-7D2311BE9AE0}.Debug|Any CPU.ActiveCfg = Debug|Any CPU
		{8FA75912-81D8-4DA6-86DE-7D2311BE9AE0}.Debug|Any CPU.Build.0 = Debug|Any CPU
		{8FA75912-81D8-4DA6-86DE-7D2311BE9AE0}.Release|Any CPU.ActiveCfg = Release|Any CPU
		{8FA75912-81D8-4DA6-86DE-7D2311BE9AE0}.Release|Any CPU.Build.0 = Release|Any CPU
	EndGlobalSection
	GlobalSection(SolutionProperties) = preSolution
		HideSolutionNode = FALSE
	EndGlobalSection
	GlobalSection(ExtensibilityGlobals) = postSolution
		SolutionGuid = {E14C2A10-094D-4A61-AB1A-6D9492943817}
	EndGlobalSection
EndGlobal
