
Microsoft Visual Studio Solution File, Format Version 12.00
# Visual Studio Version 17
VisualStudioVersion = 17.9.34728.123
MinimumVisualStudioVersion = 10.0.40219.1
Project("{FAE04EC0-301F-11D3-BF4B-00C04F79EFBC}") = "104", "104\104.csproj", "{3007C121-F487-4DD9-BA2D-5B00353389EC}"
EndProject
Global
	GlobalSection(SolutionConfigurationPlatforms) = preSolution
		Debug|Any CPU = Debug|Any CPU
		Release|Any CPU = Release|Any CPU
	EndGlobalSection
	GlobalSection(ProjectConfigurationPlatforms) = postSolution
		{3007C121-F487-4DD9-BA2D-5B00353389EC}.Debug|Any CPU.ActiveCfg = Debug|Any CPU
		{3007C121-F487-4DD9-BA2D-5B00353389EC}.Debug|Any CPU.Build.0 = Debug|Any CPU
		{3007C121-F487-4DD9-BA2D-5B00353389EC}.Release|Any CPU.ActiveCfg = Release|Any CPU
		{3007C121-F487-4DD9-BA2D-5B00353389EC}.Release|Any CPU.Build.0 = Release|Any CPU
	EndGlobalSection
	GlobalSection(SolutionProperties) = preSolution
		HideSolutionNode = FALSE
	EndGlobalSection
	GlobalSection(ExtensibilityGlobals) = postSolution
		SolutionGuid = {A29D68D2-02C9-46BD-99BC-AC49FD80B63F}
	EndGlobalSection
EndGlobal
