
Microsoft Visual Studio Solution File, Format Version 12.00
# Visual Studio Version 17
VisualStudioVersion = 17.9.34728.123
MinimumVisualStudioVersion = 10.0.40219.1
Project("{FAE04EC0-301F-11D3-BF4B-00C04F79EFBC}") = "47", "47\47.csproj", "{5FB2F306-DE37-41D3-9666-5FC813783E89}"
EndProject
Global
	GlobalSection(SolutionConfigurationPlatforms) = preSolution
		Debug|Any CPU = Debug|Any CPU
		Release|Any CPU = Release|Any CPU
	EndGlobalSection
	GlobalSection(ProjectConfigurationPlatforms) = postSolution
		{5FB2F306-DE37-41D3-9666-5FC813783E89}.Debug|Any CPU.ActiveCfg = Debug|Any CPU
		{5FB2F306-DE37-41D3-9666-5FC813783E89}.Debug|Any CPU.Build.0 = Debug|Any CPU
		{5FB2F306-DE37-41D3-9666-5FC813783E89}.Release|Any CPU.ActiveCfg = Release|Any CPU
		{5FB2F306-DE37-41D3-9666-5FC813783E89}.Release|Any CPU.Build.0 = Release|Any CPU
	EndGlobalSection
	GlobalSection(SolutionProperties) = preSolution
		HideSolutionNode = FALSE
	EndGlobalSection
	GlobalSection(ExtensibilityGlobals) = postSolution
		SolutionGuid = {12542133-A73C-4238-A44C-2DB933537D99}
	EndGlobalSection
EndGlobal
