
Microsoft Visual Studio Solution File, Format Version 12.00
# Visual Studio Version 17
VisualStudioVersion = 17.9.34728.123
MinimumVisualStudioVersion = 10.0.40219.1
Project("{FAE04EC0-301F-11D3-BF4B-00C04F79EFBC}") = "83", "83\83.csproj", "{4F0933A1-E36F-4EB9-89F2-D3148071750B}"
EndProject
Global
	GlobalSection(SolutionConfigurationPlatforms) = preSolution
		Debug|Any CPU = Debug|Any CPU
		Release|Any CPU = Release|Any CPU
	EndGlobalSection
	GlobalSection(ProjectConfigurationPlatforms) = postSolution
		{4F0933A1-E36F-4EB9-89F2-D3148071750B}.Debug|Any CPU.ActiveCfg = Debug|Any CPU
		{4F0933A1-E36F-4EB9-89F2-D3148071750B}.Debug|Any CPU.Build.0 = Debug|Any CPU
		{4F0933A1-E36F-4EB9-89F2-D3148071750B}.Release|Any CPU.ActiveCfg = Release|Any CPU
		{4F0933A1-E36F-4EB9-89F2-D3148071750B}.Release|Any CPU.Build.0 = Release|Any CPU
	EndGlobalSection
	GlobalSection(SolutionProperties) = preSolution
		HideSolutionNode = FALSE
	EndGlobalSection
	GlobalSection(ExtensibilityGlobals) = postSolution
		SolutionGuid = {1CA8B068-FA1B-4C55-92F4-5A074A47A113}
	EndGlobalSection
EndGlobal
