
Microsoft Visual Studio Solution File, Format Version 12.00
# Visual Studio Version 17
VisualStudioVersion = 17.9.34728.123
MinimumVisualStudioVersion = 10.0.40219.1
Project("{FAE04EC0-301F-11D3-BF4B-00C04F79EFBC}") = "58", "58\58.csproj", "{FCDF9709-E7D5-49CE-8361-841B44665EF7}"
EndProject
Global
	GlobalSection(SolutionConfigurationPlatforms) = preSolution
		Debug|Any CPU = Debug|Any CPU
		Release|Any CPU = Release|Any CPU
	EndGlobalSection
	GlobalSection(ProjectConfigurationPlatforms) = postSolution
		{FCDF9709-E7D5-49CE-8361-841B44665EF7}.Debug|Any CPU.ActiveCfg = Debug|Any CPU
		{FCDF9709-E7D5-49CE-8361-841B44665EF7}.Debug|Any CPU.Build.0 = Debug|Any CPU
		{FCDF9709-E7D5-49CE-8361-841B44665EF7}.Release|Any CPU.ActiveCfg = Release|Any CPU
		{FCDF9709-E7D5-49CE-8361-841B44665EF7}.Release|Any CPU.Build.0 = Release|Any CPU
	EndGlobalSection
	GlobalSection(SolutionProperties) = preSolution
		HideSolutionNode = FALSE
	EndGlobalSection
	GlobalSection(ExtensibilityGlobals) = postSolution
		SolutionGuid = {861B1742-CDB4-46D4-A1B1-499655306CAA}
	EndGlobalSection
EndGlobal
