
Microsoft Visual Studio Solution File, Format Version 12.00
# Visual Studio Version 17
VisualStudioVersion = 17.9.34728.123
MinimumVisualStudioVersion = 10.0.40219.1
Project("{FAE04EC0-301F-11D3-BF4B-00C04F79EFBC}") = "45", "45\45.csproj", "{7CC3EC20-0F28-4872-B0B1-2EFF94E32478}"
EndProject
Global
	GlobalSection(SolutionConfigurationPlatforms) = preSolution
		Debug|Any CPU = Debug|Any CPU
		Release|Any CPU = Release|Any CPU
	EndGlobalSection
	GlobalSection(ProjectConfigurationPlatforms) = postSolution
		{7CC3EC20-0F28-4872-B0B1-2EFF94E32478}.Debug|Any CPU.ActiveCfg = Debug|Any CPU
		{7CC3EC20-0F28-4872-B0B1-2EFF94E32478}.Debug|Any CPU.Build.0 = Debug|Any CPU
		{7CC3EC20-0F28-4872-B0B1-2EFF94E32478}.Release|Any CPU.ActiveCfg = Release|Any CPU
		{7CC3EC20-0F28-4872-B0B1-2EFF94E32478}.Release|Any CPU.Build.0 = Release|Any CPU
	EndGlobalSection
	GlobalSection(SolutionProperties) = preSolution
		HideSolutionNode = FALSE
	EndGlobalSection
	GlobalSection(ExtensibilityGlobals) = postSolution
		SolutionGuid = {E35360C4-9CE9-4110-84BE-5B62A59DB208}
	EndGlobalSection
EndGlobal
