
Microsoft Visual Studio Solution File, Format Version 12.00
# Visual Studio Version 17
VisualStudioVersion = 17.9.34728.123
MinimumVisualStudioVersion = 10.0.40219.1
Project("{FAE04EC0-301F-11D3-BF4B-00C04F79EFBC}") = "44", "44\44.csproj", "{14239046-1637-4E96-86A3-BFA3DA070E7A}"
EndProject
Global
	GlobalSection(SolutionConfigurationPlatforms) = preSolution
		Debug|Any CPU = Debug|Any CPU
		Release|Any CPU = Release|Any CPU
	EndGlobalSection
	GlobalSection(ProjectConfigurationPlatforms) = postSolution
		{14239046-1637-4E96-86A3-BFA3DA070E7A}.Debug|Any CPU.ActiveCfg = Debug|Any CPU
		{14239046-1637-4E96-86A3-BFA3DA070E7A}.Debug|Any CPU.Build.0 = Debug|Any CPU
		{14239046-1637-4E96-86A3-BFA3DA070E7A}.Release|Any CPU.ActiveCfg = Release|Any CPU
		{14239046-1637-4E96-86A3-BFA3DA070E7A}.Release|Any CPU.Build.0 = Release|Any CPU
	EndGlobalSection
	GlobalSection(SolutionProperties) = preSolution
		HideSolutionNode = FALSE
	EndGlobalSection
	GlobalSection(ExtensibilityGlobals) = postSolution
		SolutionGuid = {AA013FA5-3D39-458E-8CDF-D8146B725A70}
	EndGlobalSection
EndGlobal
