
Microsoft Visual Studio Solution File, Format Version 12.00
# Visual Studio Version 17
VisualStudioVersion = 17.9.34728.123
MinimumVisualStudioVersion = 10.0.40219.1
Project("{FAE04EC0-301F-11D3-BF4B-00C04F79EFBC}") = "15", "15\15.csproj", "{36AB7597-18AF-4EB6-94A2-ED57408C9E91}"
EndProject
Global
	GlobalSection(SolutionConfigurationPlatforms) = preSolution
		Debug|Any CPU = Debug|Any CPU
		Release|Any CPU = Release|Any CPU
	EndGlobalSection
	GlobalSection(ProjectConfigurationPlatforms) = postSolution
		{36AB7597-18AF-4EB6-94A2-ED57408C9E91}.Debug|Any CPU.ActiveCfg = Debug|Any CPU
		{36AB7597-18AF-4EB6-94A2-ED57408C9E91}.Debug|Any CPU.Build.0 = Debug|Any CPU
		{36AB7597-18AF-4EB6-94A2-ED57408C9E91}.Release|Any CPU.ActiveCfg = Release|Any CPU
		{36AB7597-18AF-4EB6-94A2-ED57408C9E91}.Release|Any CPU.Build.0 = Release|Any CPU
	EndGlobalSection
	GlobalSection(SolutionProperties) = preSolution
		HideSolutionNode = FALSE
	EndGlobalSection
	GlobalSection(ExtensibilityGlobals) = postSolution
		SolutionGuid = {34EDFD1E-676C-46FE-AD9C-E9B48CCAD32D}
	EndGlobalSection
EndGlobal
