
Microsoft Visual Studio Solution File, Format Version 12.00
# Visual Studio Version 17
VisualStudioVersion = 17.9.34728.123
MinimumVisualStudioVersion = 10.0.40219.1
Project("{FAE04EC0-301F-11D3-BF4B-00C04F79EFBC}") = "76", "76\76.csproj", "{7241CAD0-B6EF-48FA-B7B2-54D10002286C}"
EndProject
Global
	GlobalSection(SolutionConfigurationPlatforms) = preSolution
		Debug|Any CPU = Debug|Any CPU
		Release|Any CPU = Release|Any CPU
	EndGlobalSection
	GlobalSection(ProjectConfigurationPlatforms) = postSolution
		{7241CAD0-B6EF-48FA-B7B2-54D10002286C}.Debug|Any CPU.ActiveCfg = Debug|Any CPU
		{7241CAD0-B6EF-48FA-B7B2-54D10002286C}.Debug|Any CPU.Build.0 = Debug|Any CPU
		{7241CAD0-B6EF-48FA-B7B2-54D10002286C}.Release|Any CPU.ActiveCfg = Release|Any CPU
		{7241CAD0-B6EF-48FA-B7B2-54D10002286C}.Release|Any CPU.Build.0 = Release|Any CPU
	EndGlobalSection
	GlobalSection(SolutionProperties) = preSolution
		HideSolutionNode = FALSE
	EndGlobalSection
	GlobalSection(ExtensibilityGlobals) = postSolution
		SolutionGuid = {A0E01D3C-16BA-429D-9188-BC077C079D41}
	EndGlobalSection
EndGlobal
