
Microsoft Visual Studio Solution File, Format Version 12.00
# Visual Studio Version 17
VisualStudioVersion = 17.9.34728.123
MinimumVisualStudioVersion = 10.0.40219.1
Project("{FAE04EC0-301F-11D3-BF4B-00C04F79EFBC}") = "8", "8\8.csproj", "{BC1933B6-2C93-4217-96B7-C211E296F3A5}"
EndProject
Global
	GlobalSection(SolutionConfigurationPlatforms) = preSolution
		Debug|Any CPU = Debug|Any CPU
		Release|Any CPU = Release|Any CPU
	EndGlobalSection
	GlobalSection(ProjectConfigurationPlatforms) = postSolution
		{BC1933B6-2C93-4217-96B7-C211E296F3A5}.Debug|Any CPU.ActiveCfg = Debug|Any CPU
		{BC1933B6-2C93-4217-96B7-C211E296F3A5}.Debug|Any CPU.Build.0 = Debug|Any CPU
		{BC1933B6-2C93-4217-96B7-C211E296F3A5}.Release|Any CPU.ActiveCfg = Release|Any CPU
		{BC1933B6-2C93-4217-96B7-C211E296F3A5}.Release|Any CPU.Build.0 = Release|Any CPU
	EndGlobalSection
	GlobalSection(SolutionProperties) = preSolution
		HideSolutionNode = FALSE
	EndGlobalSection
	GlobalSection(ExtensibilityGlobals) = postSolution
		SolutionGuid = {AF61FD2F-FBDC-4D82-BE2D-3024FDC506F8}
	EndGlobalSection
EndGlobal
