
Microsoft Visual Studio Solution File, Format Version 12.00
# Visual Studio Version 17
VisualStudioVersion = 17.9.34728.123
MinimumVisualStudioVersion = 10.0.40219.1
Project("{FAE04EC0-301F-11D3-BF4B-00C04F79EFBC}") = "54", "54\54.csproj", "{5CFE77B7-ADE8-4156-BA91-F85DC5F19709}"
EndProject
Global
	GlobalSection(SolutionConfigurationPlatforms) = preSolution
		Debug|Any CPU = Debug|Any CPU
		Release|Any CPU = Release|Any CPU
	EndGlobalSection
	GlobalSection(ProjectConfigurationPlatforms) = postSolution
		{5CFE77B7-ADE8-4156-BA91-F85DC5F19709}.Debug|Any CPU.ActiveCfg = Debug|Any CPU
		{5CFE77B7-ADE8-4156-BA91-F85DC5F19709}.Debug|Any CPU.Build.0 = Debug|Any CPU
		{5CFE77B7-ADE8-4156-BA91-F85DC5F19709}.Release|Any CPU.ActiveCfg = Release|Any CPU
		{5CFE77B7-ADE8-4156-BA91-F85DC5F19709}.Release|Any CPU.Build.0 = Release|Any CPU
	EndGlobalSection
	GlobalSection(SolutionProperties) = preSolution
		HideSolutionNode = FALSE
	EndGlobalSection
	GlobalSection(ExtensibilityGlobals) = postSolution
		SolutionGuid = {CB18D4CC-721C-4FF5-8DB9-70DE5F728065}
	EndGlobalSection
EndGlobal
