
Microsoft Visual Studio Solution File, Format Version 12.00
# Visual Studio Version 17
VisualStudioVersion = 17.9.34728.123
MinimumVisualStudioVersion = 10.0.40219.1
Project("{FAE04EC0-301F-11D3-BF4B-00C04F79EFBC}") = "84", "84\84.csproj", "{7AC5446A-AB14-4254-8830-B10EC0C0EA13}"
EndProject
Global
	GlobalSection(SolutionConfigurationPlatforms) = preSolution
		Debug|Any CPU = Debug|Any CPU
		Release|Any CPU = Release|Any CPU
	EndGlobalSection
	GlobalSection(ProjectConfigurationPlatforms) = postSolution
		{7AC5446A-AB14-4254-8830-B10EC0C0EA13}.Debug|Any CPU.ActiveCfg = Debug|Any CPU
		{7AC5446A-AB14-4254-8830-B10EC0C0EA13}.Debug|Any CPU.Build.0 = Debug|Any CPU
		{7AC5446A-AB14-4254-8830-B10EC0C0EA13}.Release|Any CPU.ActiveCfg = Release|Any CPU
		{7AC5446A-AB14-4254-8830-B10EC0C0EA13}.Release|Any CPU.Build.0 = Release|Any CPU
	EndGlobalSection
	GlobalSection(SolutionProperties) = preSolution
		HideSolutionNode = FALSE
	EndGlobalSection
	GlobalSection(ExtensibilityGlobals) = postSolution
		SolutionGuid = {B65A575F-E645-40F6-885C-63C28C2F8040}
	EndGlobalSection
EndGlobal
